
Microsoft Visual Studio Solution File, Format Version 12.00
# Visual Studio Version 16
VisualStudioVersion = 16.0.29920.165
MinimumVisualStudioVersion = 10.0.40219.1
Project("{FAE04EC0-301F-11D3-BF4B-00C04F79EFBC}") = "simulacion_tp1", "simulacion_tp1.csproj", "{1D61DA38-C5F9-4188-B716-59C39DDE305B}"
EndProject
Global
	GlobalSection(SolutionConfigurationPlatforms) = preSolution
		Debug|Any CPU = Debug|Any CPU
		Release|Any CPU = Release|Any CPU
	EndGlobalSection
	GlobalSection(ProjectConfigurationPlatforms) = postSolution
		{1D61DA38-C5F9-4188-B716-59C39DDE305B}.Debug|Any CPU.ActiveCfg = Debug|Any CPU
		{1D61DA38-C5F9-4188-B716-59C39DDE305B}.Debug|Any CPU.Build.0 = Debug|Any CPU
		{1D61DA38-C5F9-4188-B716-59C39DDE305B}.Release|Any CPU.ActiveCfg = Release|Any CPU
		{1D61DA38-C5F9-4188-B716-59C39DDE305B}.Release|Any CPU.Build.0 = Release|Any CPU
	EndGlobalSection
	GlobalSection(SolutionProperties) = preSolution
		HideSolutionNode = FALSE
	EndGlobalSection
	GlobalSection(ExtensibilityGlobals) = postSolution
		SolutionGuid = {75F1BE81-C1DC-443D-8A55-C856BBD6E286}
	EndGlobalSection
EndGlobal
