
Microsoft Visual Studio Solution File, Format Version 12.00
# Visual Studio Version 16
VisualStudioVersion = 16.0.31019.35
MinimumVisualStudioVersion = 10.0.40219.1
Project("{FAE04EC0-301F-11D3-BF4B-00C04F79EFBC}") = "TP4", "TP4.csproj", "{93338EBB-0CC0-4D67-AE59-3AF145D224FB}"
EndProject
Global
	GlobalSection(SolutionConfigurationPlatforms) = preSolution
		Debug|Any CPU = Debug|Any CPU
		Release|Any CPU = Release|Any CPU
	EndGlobalSection
	GlobalSection(ProjectConfigurationPlatforms) = postSolution
		{93338EBB-0CC0-4D67-AE59-3AF145D224FB}.Debug|Any CPU.ActiveCfg = Debug|Any CPU
		{93338EBB-0CC0-4D67-AE59-3AF145D224FB}.Debug|Any CPU.Build.0 = Debug|Any CPU
		{93338EBB-0CC0-4D67-AE59-3AF145D224FB}.Release|Any CPU.ActiveCfg = Release|Any CPU
		{93338EBB-0CC0-4D67-AE59-3AF145D224FB}.Release|Any CPU.Build.0 = Release|Any CPU
	EndGlobalSection
	GlobalSection(SolutionProperties) = preSolution
		HideSolutionNode = FALSE
	EndGlobalSection
	GlobalSection(ExtensibilityGlobals) = postSolution
		SolutionGuid = {A81E82A0-C9C1-46F2-AD2B-A779895DC2F2}
	EndGlobalSection
EndGlobal
